
Microsoft Visual Studio Solution File, Format Version 12.00
# Visual Studio Version 16
VisualStudioVersion = 16.0.29728.190
MinimumVisualStudioVersion = 10.0.40219.1
Project("{FAE04EC0-301F-11D3-BF4B-00C04F79EFBC}") = "SiLi.Max", "SiLi.Max\SiLi.Max.csproj", "{984A6A08-E9C2-47AD-892B-37373A6BE1E6}"
EndProject
Project("{FAE04EC0-301F-11D3-BF4B-00C04F79EFBC}") = "SiLi.Max.Tests", "SiLi.Max.Tests\SiLi.Max.Tests.csproj", "{B0821D98-9E96-4E34-B789-1CBEB38365C1}"
EndProject
Global
	GlobalSection(SolutionConfigurationPlatforms) = preSolution
		Debug|Any CPU = Debug|Any CPU
		Release|Any CPU = Release|Any CPU
	EndGlobalSection
	GlobalSection(ProjectConfigurationPlatforms) = postSolution
		{984A6A08-E9C2-47AD-892B-37373A6BE1E6}.Debug|Any CPU.ActiveCfg = Debug|Any CPU
		{984A6A08-E9C2-47AD-892B-37373A6BE1E6}.Debug|Any CPU.Build.0 = Debug|Any CPU
		{984A6A08-E9C2-47AD-892B-37373A6BE1E6}.Release|Any CPU.ActiveCfg = Release|Any CPU
		{984A6A08-E9C2-47AD-892B-37373A6BE1E6}.Release|Any CPU.Build.0 = Release|Any CPU
		{B0821D98-9E96-4E34-B789-1CBEB38365C1}.Debug|Any CPU.ActiveCfg = Debug|Any CPU
		{B0821D98-9E96-4E34-B789-1CBEB38365C1}.Debug|Any CPU.Build.0 = Debug|Any CPU
		{B0821D98-9E96-4E34-B789-1CBEB38365C1}.Release|Any CPU.ActiveCfg = Release|Any CPU
		{B0821D98-9E96-4E34-B789-1CBEB38365C1}.Release|Any CPU.Build.0 = Release|Any CPU
	EndGlobalSection
	GlobalSection(SolutionProperties) = preSolution
		HideSolutionNode = FALSE
	EndGlobalSection
	GlobalSection(ExtensibilityGlobals) = postSolution
		SolutionGuid = {D9A08004-8378-4342-9441-4786D0BED443}
	EndGlobalSection
EndGlobal
